github.com/tinywasm/css v0.1.0 h1:uS31axx8wO/AzZ020vY5FkyEkEdfZtp0JmDbP7tWvbU=
github.com/tinywasm/css v0.1.0/go.mod h1:CDphLEExw72fAXQjVFOmjA2+cRnTty3ejdAbP9D+i9U=
github.com/tinywasm/dom v0.9.4 h1:02lighrnJYZi1BNb6OUSq8D2be7iYBVeqiMXYyuMigs=
github.com/tinywasm/dom v0.9.4/go.mod h1:5buoEAqphZURwlp8uqumBkz3ao4QHI3eginj1u2FUfY=
github.com/tinywasm/fmt v0.23.9 h1:ske2WHTRUJ6igkY8T9cI/zky1XcTRrOYSlbbHNp0UQw=
github.com/tinywasm/fmt v0.23.9/go.mod h1:L2GCAi6asgytPV6TVvGrRq5Ml+DkUt1Ijo5i/2J1jOY=
github.com/tinywasm/time v0.5.0 h1:M17DNgKrMYfkCK42V6miL9AcwfN/FHghbKOSTXJrkMo=
github.com/tinywasm/time v0.5.0/go.mod h1:vxGAkKA40im4ObiTS6hcsJYiIsVVLSz/A63JC/+TwvA=
