github.com/tinywasm/dom v0.7.3 h1:d30m9mvjk4VRwjq2x9w6tRsZaZOUJ8burN2Ou7U9v6U=
github.com/tinywasm/dom v0.7.3/go.mod h1:/Ob8r/cDtjJzwKLXz9zaTeHG1FmxwEXCz45VDDMxiKo=
github.com/tinywasm/fmt v0.23.6 h1:DXugqAD98VEeBKeguQqAWHzUnxhuESHRTDinyNHlSpk=
github.com/tinywasm/fmt v0.23.6/go.mod h1:L2GCAi6asgytPV6TVvGrRq5Ml+DkUt1Ijo5i/2J1jOY=
