github.com/tinywasm/dom v0.9.0 h1:iZcQphLVQHxuTW6gQzz7ssgsl/3EH5YbXALVwccISk0=
github.com/tinywasm/dom v0.9.0/go.mod h1:z2iJL8qpP4dwcaIm441jc9XfM5bGUVtlH2YG+pfG45c=
github.com/tinywasm/fmt v0.23.7 h1:DOJ2BzdPHtavj6gYxpnOfdPkRVppX7FbU1cElV3JXbg=
github.com/tinywasm/fmt v0.23.7/go.mod h1:L2GCAi6asgytPV6TVvGrRq5Ml+DkUt1Ijo5i/2J1jOY=
